
Microsoft Visual Studio Solution File, Format Version 12.00
# Visual Studio Version 16
VisualStudioVersion = 16.0.29102.190
MinimumVisualStudioVersion = 10.0.40219.1
Project("{2150E333-8FDC-42A3-9474-1A3956D46DE8}") = "API", "API", "{69B7601B-1767-400D-9D91-A7435DFD09EF}"
EndProject
Project("{FAE04EC0-301F-11D3-BF4B-00C04F79EFBC}") = "CsServer", "CsServer\CsServer.csproj", "{47F3AF84-8DFE-4081-9A37-EF3D5F3D56EA}"
EndProject
Project("{2150E333-8FDC-42A3-9474-1A3956D46DE8}") = "Presentation", "Presentation", "{B86BFA77-FF3D-42CC-A45A-CEE0AA03ECDC}"
EndProject
Project("{9092AA53-FB77-4645-B42D-1CCCA6BD08BD}") = "DesktopWebsite", "DesktopWebsite\DesktopWebsite.njsproj", "{896F90FB-68EF-4C62-A964-79C1CE6FE71C}"
EndProject
Global
	GlobalSection(SolutionConfigurationPlatforms) = preSolution
		Debug|Any CPU = Debug|Any CPU
		Release|Any CPU = Release|Any CPU
	EndGlobalSection
	GlobalSection(ProjectConfigurationPlatforms) = postSolution
		{47F3AF84-8DFE-4081-9A37-EF3D5F3D56EA}.Debug|Any CPU.ActiveCfg = Debug|Any CPU
		{47F3AF84-8DFE-4081-9A37-EF3D5F3D56EA}.Debug|Any CPU.Build.0 = Debug|Any CPU
		{47F3AF84-8DFE-4081-9A37-EF3D5F3D56EA}.Release|Any CPU.ActiveCfg = Release|Any CPU
		{47F3AF84-8DFE-4081-9A37-EF3D5F3D56EA}.Release|Any CPU.Build.0 = Release|Any CPU
		{896F90FB-68EF-4C62-A964-79C1CE6FE71C}.Debug|Any CPU.ActiveCfg = Debug|Any CPU
		{896F90FB-68EF-4C62-A964-79C1CE6FE71C}.Debug|Any CPU.Build.0 = Debug|Any CPU
		{896F90FB-68EF-4C62-A964-79C1CE6FE71C}.Release|Any CPU.ActiveCfg = Release|Any CPU
		{896F90FB-68EF-4C62-A964-79C1CE6FE71C}.Release|Any CPU.Build.0 = Release|Any CPU
	EndGlobalSection
	GlobalSection(SolutionProperties) = preSolution
		HideSolutionNode = FALSE
	EndGlobalSection
	GlobalSection(NestedProjects) = preSolution
		{47F3AF84-8DFE-4081-9A37-EF3D5F3D56EA} = {69B7601B-1767-400D-9D91-A7435DFD09EF}
		{896F90FB-68EF-4C62-A964-79C1CE6FE71C} = {B86BFA77-FF3D-42CC-A45A-CEE0AA03ECDC}
	EndGlobalSection
	GlobalSection(ExtensibilityGlobals) = postSolution
		SolutionGuid = {4B549363-5ED3-4D2B-9753-7DF218AA5A26}
	EndGlobalSection
EndGlobal
